
Microsoft Visual Studio Solution File, Format Version 11.00
# Visual Studio 2010
Project("{FAE04EC0-301F-11D3-BF4B-00C04F79EFBC}") = "WealthUpdate", "WealthUpdate.csproj", "{6106335B-ED83-422A-B119-B6AABF4FAA70}"
EndProject
Global
	GlobalSection(SolutionConfigurationPlatforms) = preSolution
		Debug|x86 = Debug|x86
		Release|x86 = Release|x86
	EndGlobalSection
	GlobalSection(ProjectConfigurationPlatforms) = postSolution
		{6106335B-ED83-422A-B119-B6AABF4FAA70}.Debug|x86.ActiveCfg = Debug|x86
		{6106335B-ED83-422A-B119-B6AABF4FAA70}.Debug|x86.Build.0 = Debug|x86
		{6106335B-ED83-422A-B119-B6AABF4FAA70}.Release|x86.ActiveCfg = Release|x86
		{6106335B-ED83-422A-B119-B6AABF4FAA70}.Release|x86.Build.0 = Release|x86
	EndGlobalSection
	GlobalSection(SolutionProperties) = preSolution
		HideSolutionNode = FALSE
	EndGlobalSection
EndGlobal
